
Microsoft Visual Studio Solution File, Format Version 12.00
# Visual Studio Version 16
VisualStudioVersion = 16.0.31321.278
MinimumVisualStudioVersion = 10.0.40219.1
Project("{FAE04EC0-301F-11D3-BF4B-00C04F79EFBC}") = "CapaAccesoDatos", "CapaDeAccesoADatos\CapaAccesoDatos.csproj", "{10E66765-C805-4905-B9EE-DF4BA8A35815}"
EndProject
Project("{FAE04EC0-301F-11D3-BF4B-00C04F79EFBC}") = "CapaLogicaNegocios", "CapadeLogicadeNegocios\CapaLogicaNegocios.csproj", "{7E0AA422-69AA-4564-B0E8-573F7583F0AB}"
EndProject
Project("{FAE04EC0-301F-11D3-BF4B-00C04F79EFBC}") = "CapaEntidades", "CapadeEntidades\CapaEntidades.csproj", "{A22005C2-A4F2-4EFA-B83C-ABF54C198035}"
EndProject
Project("{FAE04EC0-301F-11D3-BF4B-00C04F79EFBC}") = "Sistema_Bitacora_", "Sistema_Bitacora_\Sistema_Bitacora_.csproj", "{402B624C-D9F0-4FE7-B07E-17238022DECD}"
EndProject
Global
	GlobalSection(SolutionConfigurationPlatforms) = preSolution
		Debug|Any CPU = Debug|Any CPU
		Release|Any CPU = Release|Any CPU
	EndGlobalSection
	GlobalSection(ProjectConfigurationPlatforms) = postSolution
		{10E66765-C805-4905-B9EE-DF4BA8A35815}.Debug|Any CPU.ActiveCfg = Debug|Any CPU
		{10E66765-C805-4905-B9EE-DF4BA8A35815}.Debug|Any CPU.Build.0 = Debug|Any CPU
		{10E66765-C805-4905-B9EE-DF4BA8A35815}.Release|Any CPU.ActiveCfg = Release|Any CPU
		{10E66765-C805-4905-B9EE-DF4BA8A35815}.Release|Any CPU.Build.0 = Release|Any CPU
		{7E0AA422-69AA-4564-B0E8-573F7583F0AB}.Debug|Any CPU.ActiveCfg = Debug|Any CPU
		{7E0AA422-69AA-4564-B0E8-573F7583F0AB}.Debug|Any CPU.Build.0 = Debug|Any CPU
		{7E0AA422-69AA-4564-B0E8-573F7583F0AB}.Release|Any CPU.ActiveCfg = Release|Any CPU
		{7E0AA422-69AA-4564-B0E8-573F7583F0AB}.Release|Any CPU.Build.0 = Release|Any CPU
		{A22005C2-A4F2-4EFA-B83C-ABF54C198035}.Debug|Any CPU.ActiveCfg = Debug|Any CPU
		{A22005C2-A4F2-4EFA-B83C-ABF54C198035}.Debug|Any CPU.Build.0 = Debug|Any CPU
		{A22005C2-A4F2-4EFA-B83C-ABF54C198035}.Release|Any CPU.ActiveCfg = Release|Any CPU
		{A22005C2-A4F2-4EFA-B83C-ABF54C198035}.Release|Any CPU.Build.0 = Release|Any CPU
		{402B624C-D9F0-4FE7-B07E-17238022DECD}.Debug|Any CPU.ActiveCfg = Debug|Any CPU
		{402B624C-D9F0-4FE7-B07E-17238022DECD}.Debug|Any CPU.Build.0 = Debug|Any CPU
		{402B624C-D9F0-4FE7-B07E-17238022DECD}.Release|Any CPU.ActiveCfg = Release|Any CPU
		{402B624C-D9F0-4FE7-B07E-17238022DECD}.Release|Any CPU.Build.0 = Release|Any CPU
	EndGlobalSection
	GlobalSection(SolutionProperties) = preSolution
		HideSolutionNode = FALSE
	EndGlobalSection
	GlobalSection(ExtensibilityGlobals) = postSolution
		SolutionGuid = {0930D85B-1CC0-42D3-93E2-0F82E73A06C3}
	EndGlobalSection
EndGlobal
